
Microsoft Visual Studio Solution File, Format Version 12.00
# Visual Studio Version 17
VisualStudioVersion = 17.13.35825.156
MinimumVisualStudioVersion = 10.0.40219.1
Project("{8BC9CEB8-8B4A-11D0-8D11-00A0C91BC942}") = "App", "App\App.vcxproj", "{07CAD93D-DFFA-4376-BA6C-85015B5F8742}"
EndProject
Project("{8BC9CEB8-8B4A-11D0-8D11-00A0C91BC942}") = "NovaEngine", "NovaEngine\NovaEngine.vcxproj", "{C6B9542D-16C0-4E14-BBC7-AE7AD63BB0DA}"
EndProject
Project("{8BC9CEB8-8B4A-11D0-8D11-00A0C91BC942}") = "SourceGenerator", "SourceGenerator\SourceGenerator.vcxproj", "{C16B32F9-C6A5-48BE-92AD-0B1BCFC7BE5F}"
EndProject
Project("{8BC9CEB8-8B4A-11D0-8D11-00A0C91BC942}") = "NovaDependencies", "NovaDependencies\NovaDependencies.vcxproj", "{45AD508C-07AC-46E9-8D7B-FB2A5BC19BDB}"
EndProject
Project("{8BC9CEB8-8B4A-11D0-8D11-00A0C91BC942}") = "GenerateSources", "GenerateSources\GenerateSources.vcxproj", "{25C1E3F1-2E03-4686-8630-CAD88655662C}"
EndProject
Global
	GlobalSection(SolutionConfigurationPlatforms) = preSolution
		Debug|x64 = Debug|x64
		Release|x64 = Release|x64
	EndGlobalSection
	GlobalSection(ProjectConfigurationPlatforms) = postSolution
		{07CAD93D-DFFA-4376-BA6C-85015B5F8742}.Debug|x64.ActiveCfg = Debug|x64
		{07CAD93D-DFFA-4376-BA6C-85015B5F8742}.Debug|x64.Build.0 = Debug|x64
		{07CAD93D-DFFA-4376-BA6C-85015B5F8742}.Release|x64.ActiveCfg = Release|x64
		{07CAD93D-DFFA-4376-BA6C-85015B5F8742}.Release|x64.Build.0 = Release|x64
		{C6B9542D-16C0-4E14-BBC7-AE7AD63BB0DA}.Debug|x64.ActiveCfg = Debug|x64
		{C6B9542D-16C0-4E14-BBC7-AE7AD63BB0DA}.Debug|x64.Build.0 = Debug|x64
		{C6B9542D-16C0-4E14-BBC7-AE7AD63BB0DA}.Release|x64.ActiveCfg = Release|x64
		{C6B9542D-16C0-4E14-BBC7-AE7AD63BB0DA}.Release|x64.Build.0 = Release|x64
		{C16B32F9-C6A5-48BE-92AD-0B1BCFC7BE5F}.Debug|x64.ActiveCfg = Debug|x64
		{C16B32F9-C6A5-48BE-92AD-0B1BCFC7BE5F}.Debug|x64.Build.0 = Debug|x64
		{C16B32F9-C6A5-48BE-92AD-0B1BCFC7BE5F}.Release|x64.ActiveCfg = Release|x64
		{C16B32F9-C6A5-48BE-92AD-0B1BCFC7BE5F}.Release|x64.Build.0 = Release|x64
		{45AD508C-07AC-46E9-8D7B-FB2A5BC19BDB}.Debug|x64.ActiveCfg = Debug|x64
		{45AD508C-07AC-46E9-8D7B-FB2A5BC19BDB}.Debug|x64.Build.0 = Debug|x64
		{45AD508C-07AC-46E9-8D7B-FB2A5BC19BDB}.Release|x64.ActiveCfg = Release|x64
		{45AD508C-07AC-46E9-8D7B-FB2A5BC19BDB}.Release|x64.Build.0 = Release|x64
		{25C1E3F1-2E03-4686-8630-CAD88655662C}.Debug|x64.ActiveCfg = Debug|x64
		{25C1E3F1-2E03-4686-8630-CAD88655662C}.Debug|x64.Build.0 = Debug|x64
		{25C1E3F1-2E03-4686-8630-CAD88655662C}.Release|x64.ActiveCfg = Release|x64
		{25C1E3F1-2E03-4686-8630-CAD88655662C}.Release|x64.Build.0 = Release|x64
	EndGlobalSection
	GlobalSection(SolutionProperties) = preSolution
		HideSolutionNode = FALSE
	EndGlobalSection
	GlobalSection(ExtensibilityGlobals) = postSolution
		SolutionGuid = {2CA5AAE4-3F65-4A73-943F-CD94D1A01203}
	EndGlobalSection
EndGlobal
