<?xml version="1.0" encoding="utf-8"?>
<Project ToolsVersion="4.0" xmlns="http://schemas.microsoft.com/developer/msbuild/2003">
  <ItemGroup>
    <Filter Include="Source Files">
      <UniqueIdentifier>{4FC737F1-C7A5-4376-A066-2A32D752A2FF}</UniqueIdentifier>
      <Extensions>cpp;c;cc;cxx;c++;cppm;ixx;def;odl;idl;hpj;bat;asm;asmx</Extensions>
    </Filter>
    <Filter Include="Header Files">
      <UniqueIdentifier>{93995380-89BD-4b04-88EB-625FBE52EBFB}</UniqueIdentifier>
      <Extensions>h;hh;hpp;hxx;h++;hm;inl;inc;ipp;xsd</Extensions>
    </Filter>
    <Filter Include="Resource Files">
      <UniqueIdentifier>{67DA6AB6-F800-4c08-8B7A-83BB121AAD01}</UniqueIdentifier>
      <Extensions>rc;ico;cur;bmp;dlg;rc2;rct;bin;rgs;gif;jpg;jpeg;jpe;resx;tiff;tif;png;wav;mfcribbon-ms</Extensions>
    </Filter>
  </ItemGroup>
  <ItemGroup>
    <ClCompile Include="src\NSL\NSL.Functions.cppm">
      <Filter>Source Files</Filter>
    </ClCompile>
    <ClCompile Include="src\NSL\Logger.cppm">
      <Filter>Source Files</Filter>
    </ClCompile>
    <ClCompile Include="src\NSL\NSL.BinaryStream.cppm">
      <Filter>Source Files</Filter>
    </ClCompile>
    <ClCompile Include="src\IO\Window\BaseWindow.cppm">
      <Filter>Source Files</Filter>
    </ClCompile>
    <ClCompile Include="src\IO\Window\WindowState.cppm">
      <Filter>Source Files</Filter>
    </ClCompile>
    <ClCompile Include="src\NSL\FileTypes\JSON.cppm">
      <Filter>Source Files</Filter>
    </ClCompile>
    <ClCompile Include="src\IO\Window\FPSController.cppm">
      <Filter>Source Files</Filter>
    </ClCompile>
    <ClCompile Include="src\NSL\NSL.cppm">
      <Filter>Source Files</Filter>
    </ClCompile>
    <ClCompile Include="src\NSL\Mathematics\Mathematics.cppm">
      <Filter>Source Files</Filter>
    </ClCompile>
    <ClCompile Include="src\NSL\Mathematics\Vector4.cppm">
      <Filter>Source Files</Filter>
    </ClCompile>
    <ClCompile Include="src\NSL\Mathematics\Matrix2x2.cppm">
      <Filter>Source Files</Filter>
    </ClCompile>
    <ClCompile Include="src\NSL\Mathematics\Matrix3x3.cppm">
      <Filter>Source Files</Filter>
    </ClCompile>
    <ClCompile Include="src\NSL\Mathematics\Matrix4x4.cppm">
      <Filter>Source Files</Filter>
    </ClCompile>
    <ClCompile Include="src\NSL\Mathematics\Vector2.cppm">
      <Filter>Source Files</Filter>
    </ClCompile>
    <ClCompile Include="src\NSL\Mathematics\Vector3.cppm">
      <Filter>Source Files</Filter>
    </ClCompile>
    <ClCompile Include="src\NSL\Mathematics\Mathematics.Constants.cppm">
      <Filter>Source Files</Filter>
    </ClCompile>
    <ClCompile Include="src\IO\Window\Monitor.cppm">
      <Filter>Source Files</Filter>
    </ClCompile>
    <ClCompile Include="src\NovaEngine.cppm">
      <Filter>Source Files</Filter>
    </ClCompile>
    <ClCompile Include="src\Engine\GameWindow.cppm">
      <Filter>Source Files</Filter>
    </ClCompile>
    <ClCompile Include="src\Engine\Engine.cppm">
      <Filter>Source Files</Filter>
    </ClCompile>
    <ClCompile Include="src\NSL\FileTypes\WAVE.cppm">
      <Filter>Source Files</Filter>
    </ClCompile>
    <ClCompile Include="src\NSL\Time.cppm">
      <Filter>Source Files</Filter>
    </ClCompile>
    <ClCompile Include="src\IO\Input\KeyboardState.cppm">
      <Filter>Source Files</Filter>
    </ClCompile>
    <ClCompile Include="src\IO\Input\KeyboardKeys.cppm">
      <Filter>Source Files</Filter>
    </ClCompile>
    <ClCompile Include="src\IO\IO.cppm">
      <Filter>Source Files</Filter>
    </ClCompile>
    <ClCompile Include="src\IO\Input\MouseState.cppm">
      <Filter>Source Files</Filter>
    </ClCompile>
    <ClCompile Include="src\IO\Input\MouseButtons.cppm">
      <Filter>Source Files</Filter>
    </ClCompile>
    <ClCompile Include="src\NSL\FileTypes\FBX\FBX.cppm">
      <Filter>Source Files</Filter>
    </ClCompile>
    <ClCompile Include="src\NSL\FileTypes\FBX\FBXLoader.cppm">
      <Filter>Source Files</Filter>
    </ClCompile>
    <ClCompile Include="src\NSL\FileTypes\FBX\RawFBX.cppm">
      <Filter>Source Files</Filter>
    </ClCompile>
    <ClCompile Include="src\NSL\FileTypes\PNG\PNGLoader.cppm">
      <Filter>Source Files</Filter>
    </ClCompile>
    <ClCompile Include="src\NSL\FileTypes\PNG\PNG.cppm">
      <Filter>Source Files</Filter>
    </ClCompile>
    <ClCompile Include="src\NSL\FileTypes\PNG\PixelRGB.cppm">
      <Filter>Source Files</Filter>
    </ClCompile>
    <ClCompile Include="src\NSL\FileTypes\PNG\PixelRGBA.cppm">
      <Filter>Source Files</Filter>
    </ClCompile>
    <ClCompile Include="src\Renderer\RenderHandler.cppm">
      <Filter>Source Files</Filter>
    </ClCompile>
    <ClCompile Include="src\Renderer\Renderer.cppm">
      <Filter>Source Files</Filter>
    </ClCompile>
    <ClCompile Include="src\Renderer\Camera.cppm">
      <Filter>Source Files</Filter>
    </ClCompile>
    <ClCompile Include="src\Renderer\AssetsManager.cppm">
      <Filter>Source Files</Filter>
    </ClCompile>
    <ClCompile Include="src\Renderer\OpenGL\Mesh.cppm">
      <Filter>Source Files</Filter>
    </ClCompile>
    <ClCompile Include="src\Renderer\OpenGL\Texture2D.cppm">
      <Filter>Source Files</Filter>
    </ClCompile>
    <ClCompile Include="src\Renderer\OpenGL\Shader.cppm">
      <Filter>Source Files</Filter>
    </ClCompile>
    <ClCompile Include="src\IO\Window\ImGuiUI.cppm">
      <Filter>Source Files</Filter>
    </ClCompile>
    <ClCompile Include="src\Renderer\Model.cppm">
      <Filter>Source Files</Filter>
    </ClCompile>
    <ClCompile Include="src\Renderer\Transform.cppm">
      <Filter>Source Files</Filter>
    </ClCompile>
    <ClCompile Include="src\Renderer\OpenGL\GLContext.cppm">
      <Filter>Source Files</Filter>
    </ClCompile>
    <ClCompile Include="src\Renderer\OpenGL\GLGlobalContextManager.cppm">
      <Filter>Source Files</Filter>
    </ClCompile>
    <ClCompile Include="src\NSL\NSL.Interfaces.cppm">
      <Filter>Source Files</Filter>
    </ClCompile>
    <ClCompile Include="src\NSL\Mathematics\Mathematics.Functions.cppm">
      <Filter>Source Files</Filter>
    </ClCompile>
    <ClCompile Include="src\Renderer\Scene.cppm">
      <Filter>Source Files</Filter>
    </ClCompile>
    <ClCompile Include="src\Renderer\Sprite.cppm">
      <Filter>Source Files</Filter>
    </ClCompile>
    <ClCompile Include="src\Renderer\ResourcesManager.cppm">
      <Filter>Source Files</Filter>
    </ClCompile>
    <ClCompile Include="src\Renderer\MeshesDataDB.cppm">
      <Filter>Source Files</Filter>
    </ClCompile>
    <ClCompile Include="src\Renderer\OpenGL\Pixelbuffer.cppm">
      <Filter>Source Files</Filter>
    </ClCompile>
    <ClCompile Include="src\NSL\Mathematics\Vector2i.cppm">
      <Filter>Source Files</Filter>
    </ClCompile>
    <ClCompile Include="src\NSL\Mathematics\Vector2ui.cppm">
      <Filter>Source Files</Filter>
    </ClCompile>
    <ClCompile Include="src\NSL\STDHasher.cppm">
      <Filter>Source Files</Filter>
    </ClCompile>
    <ClCompile Include="src\Renderer\OpenGL\GLTexturesContextManager.cppm">
      <Filter>Source Files</Filter>
    </ClCompile>
    <ClCompile Include="src\Renderer\OpenGL\GLShadersContextManager.cppm">
      <Filter>Source Files</Filter>
    </ClCompile>
    <ClCompile Include="src\Renderer\OpenGL\GLBuffersContextManager.cppm">
      <Filter>Source Files</Filter>
    </ClCompile>
    <ClCompile Include="src\NSL\Mathematics\Ray.cppm">
      <Filter>Source Files</Filter>
    </ClCompile>
    <ClCompile Include="src\Renderer\Raycaster.cppm">
      <Filter>Source Files</Filter>
    </ClCompile>
    <ClCompile Include="src\NSL\Color4.cppm">
      <Filter>Source Files</Filter>
    </ClCompile>
    <ClCompile Include="src\Renderer\OpenGL\DrawCommandBuffer.cppm">
      <Filter>Source Files</Filter>
    </ClCompile>
    <ClCompile Include="src\Renderer\OpenGL\OpenGLIndirectCommands.cppm">
      <Filter>Source Files</Filter>
    </ClCompile>
    <ClCompile Include="src\Renderer\OpenGL\ShaderStorageBuffer.cppm">
      <Filter>Source Files</Filter>
    </ClCompile>
    <ClCompile Include="src\NSL\Astar2DGrid.cppm">
      <Filter>Source Files</Filter>
    </ClCompile>
    <ClCompile Include="src\NSL\Astar.cppm">
      <Filter>Source Files</Filter>
    </ClCompile>
    <ClCompile Include="src\NSL\STDLess.cppm">
      <Filter>Source Files</Filter>
    </ClCompile>
    <ClCompile Include="src\Resources\ResourcesDB.cppm">
      <Filter>Source Files</Filter>
    </ClCompile>
    <ClCompile Include="src\Resources\Shaders_SpriteInstanced_frag.cppm">
      <Filter>Source Files</Filter>
    </ClCompile>
    <ClCompile Include="src\Resources\Shaders_SpriteInstanced_vert.cppm">
      <Filter>Source Files</Filter>
    </ClCompile>
    <ClCompile Include="src\Resources\Shaders_PostProcessTonalCompression_frag.cppm">
      <Filter>Source Files</Filter>
    </ClCompile>
    <ClCompile Include="src\Resources\Shaders_PostProcess_vert.cppm">
      <Filter>Source Files</Filter>
    </ClCompile>
    <ClCompile Include="src\Resources\Shaders_PostProcessEmpty_frag.cppm">
      <Filter>Source Files</Filter>
    </ClCompile>
    <ClCompile Include="src\Resources\Shaders_PostProcessGammaCorrection_frag.cppm">
      <Filter>Source Files</Filter>
    </ClCompile>
    <ClCompile Include="src\Resources\Shaders_PostProcessKernel_frag.cppm">
      <Filter>Source Files</Filter>
    </ClCompile>
    <ClCompile Include="src\Resources\Shaders_PostProcessSharpener_frag.cppm">
      <Filter>Source Files</Filter>
    </ClCompile>
    <ClCompile Include="src\Resources\Shaders_PS1_vert.cppm">
      <Filter>Source Files</Filter>
    </ClCompile>
    <ClCompile Include="src\Resources\Shaders_Basic_vert.cppm">
      <Filter>Source Files</Filter>
    </ClCompile>
    <ClCompile Include="src\Resources\Shaders_Basic_frag.cppm">
      <Filter>Source Files</Filter>
    </ClCompile>
  </ItemGroup>
  <ItemGroup>
    <ClInclude Include="src\Core.h">
      <Filter>Header Files</Filter>
    </ClInclude>
    <ClInclude Include="src\Dependencies\crc32.h">
      <Filter>Header Files</Filter>
    </ClInclude>
    <ClInclude Include="src\Dependencies\deflate.h">
      <Filter>Header Files</Filter>
    </ClInclude>
    <ClInclude Include="src\Dependencies\glad.h">
      <Filter>Header Files</Filter>
    </ClInclude>
    <ClInclude Include="src\Dependencies\glfw3.h">
      <Filter>Header Files</Filter>
    </ClInclude>
    <ClInclude Include="src\Dependencies\glfw3native.h">
      <Filter>Header Files</Filter>
    </ClInclude>
    <ClInclude Include="src\Dependencies\gzguts.h">
      <Filter>Header Files</Filter>
    </ClInclude>
    <ClInclude Include="src\Dependencies\imconfig.h">
      <Filter>Header Files</Filter>
    </ClInclude>
    <ClInclude Include="src\Dependencies\imgui.h">
      <Filter>Header Files</Filter>
    </ClInclude>
    <ClInclude Include="src\Dependencies\imgui_impl_glfw.h">
      <Filter>Header Files</Filter>
    </ClInclude>
    <ClInclude Include="src\Dependencies\imgui_impl_opengl3.h">
      <Filter>Header Files</Filter>
    </ClInclude>
    <ClInclude Include="src\Dependencies\imgui_impl_opengl3_loader.h">
      <Filter>Header Files</Filter>
    </ClInclude>
    <ClInclude Include="src\Dependencies\imgui_internal.h">
      <Filter>Header Files</Filter>
    </ClInclude>
    <ClInclude Include="src\Dependencies\imstb_rectpack.h">
      <Filter>Header Files</Filter>
    </ClInclude>
    <ClInclude Include="src\Dependencies\imstb_textedit.h">
      <Filter>Header Files</Filter>
    </ClInclude>
    <ClInclude Include="src\Dependencies\imstb_truetype.h">
      <Filter>Header Files</Filter>
    </ClInclude>
    <ClInclude Include="src\Dependencies\inffast.h">
      <Filter>Header Files</Filter>
    </ClInclude>
    <ClInclude Include="src\Dependencies\inffixed.h">
      <Filter>Header Files</Filter>
    </ClInclude>
    <ClInclude Include="src\Dependencies\inflate.h">
      <Filter>Header Files</Filter>
    </ClInclude>
    <ClInclude Include="src\Dependencies\inftrees.h">
      <Filter>Header Files</Filter>
    </ClInclude>
    <ClInclude Include="src\Dependencies\khrplatform.h">
      <Filter>Header Files</Filter>
    </ClInclude>
    <ClInclude Include="src\Dependencies\miniaudio.h">
      <Filter>Header Files</Filter>
    </ClInclude>
    <ClInclude Include="src\Dependencies\trees.h">
      <Filter>Header Files</Filter>
    </ClInclude>
    <ClInclude Include="src\Dependencies\zconf.h">
      <Filter>Header Files</Filter>
    </ClInclude>
    <ClInclude Include="src\Dependencies\zlib.h">
      <Filter>Header Files</Filter>
    </ClInclude>
    <ClInclude Include="src\Dependencies\zutil.h">
      <Filter>Header Files</Filter>
    </ClInclude>
  </ItemGroup>
  <ItemGroup>
    <None Include="rc\Shaders\SpriteInstanced.frag" />
    <None Include="rc\Shaders\SpriteInstanced.vert" />
    <None Include="src\Dependencies\zlib-1.3.1\zconf.h.in" />
    <None Include="cpp.hint" />
    <None Include="rc\Shaders\PostProcessTonalCompression.frag" />
    <None Include="rc\Shaders\PostProcess.vert" />
    <None Include="rc\Shaders\PostProcessEmpty.frag" />
    <None Include="rc\Shaders\PostProcessGammaCorrection.frag" />
    <None Include="rc\Shaders\PostProcessKernel.frag" />
    <None Include="rc\Shaders\PostProcessSharpener.frag" />
    <None Include="rc\Shaders\Basic.vert" />
    <None Include="rc\Shaders\PS1.vert" />
    <None Include="rc\Shaders\Basic.frag" />
  </ItemGroup>
</Project>